
Microsoft Visual Studio Solution File, Format Version 12.00
# Visual Studio Version 17
VisualStudioVersion = 17.5.33530.505
MinimumVisualStudioVersion = 10.0.40219.1
Project("{2150E333-8FDC-42A3-9474-1A3956D46DE8}") = "1.0 - Presentation", "1.0 - Presentation", "{BF4FBCB9-9416-4DAE-8BDE-185494D17765}"
EndProject
Project("{2150E333-8FDC-42A3-9474-1A3956D46DE8}") = "2.0 - Application", "2.0 - Application", "{463FDC2C-C81F-459B-8499-2DBB1E8AAE77}"
EndProject
Project("{2150E333-8FDC-42A3-9474-1A3956D46DE8}") = "3.0 - Domain", "3.0 - Domain", "{90FD868A-B9E3-4ED5-A209-34B8A6B84D3B}"
EndProject
Project("{2150E333-8FDC-42A3-9474-1A3956D46DE8}") = "4.0 - Infrastructure", "4.0 - Infrastructure", "{7F1300E9-0CE2-430F-B59B-2321E755B88C}"
EndProject
Project("{9A19103F-16F7-4668-BE54-9A1E7A4F7556}") = "CalculoCDBWebAPI.Domain", "CalculoCDBWebAPI.Domain\CalculoCDBWebAPI.Domain.csproj", "{AF5DCD44-BC2D-4B13-A7B2-184394712026}"
EndProject
Project("{9A19103F-16F7-4668-BE54-9A1E7A4F7556}") = "CalculoCDBWebAPI.Domain.Core", "CalculoCDBWebAPI.Domain.Core\CalculoCDBWebAPI.Domain.Core.csproj", "{F7B9A043-BFF3-4548-B0EE-C04129E032D9}"
EndProject
Project("{9A19103F-16F7-4668-BE54-9A1E7A4F7556}") = "CalculoCDBWebAPI.Domain.Services", "CalculoCDBWebAPI.Domain.Services\CalculoCDBWebAPI.Domain.Services.csproj", "{332FDF14-56E2-4B70-8135-325726758F0E}"
EndProject
Project("{9A19103F-16F7-4668-BE54-9A1E7A4F7556}") = "CalculoCDBWebAPI.Application", "CalculoCDBWebAPI.Application\CalculoCDBWebAPI.Application.csproj", "{94D813B1-385E-482E-9653-3BCF54C397E9}"
EndProject
Project("{9A19103F-16F7-4668-BE54-9A1E7A4F7556}") = "CalculoCDBWebAPI.Application.DTO", "CalculoCDBWebAPI.Application.DTO\CalculoCDBWebAPI.Application.DTO.csproj", "{5324B34B-4624-4563-AB80-719B70CB7548}"
EndProject
Project("{2150E333-8FDC-42A3-9474-1A3956D46DE8}") = "4.1 - Data", "4.1 - Data", "{4D2CA52C-2A15-4A72-B00A-B08893A7D508}"
EndProject
Project("{2150E333-8FDC-42A3-9474-1A3956D46DE8}") = "4.2 - CrossCutting", "4.2 - CrossCutting", "{997330A4-AF14-43A4-9297-A4A488EAD93F}"
EndProject
Project("{9A19103F-16F7-4668-BE54-9A1E7A4F7556}") = "CalculoCDBWebAPI.Infrastructure.Data", "CalculoCDBWebAPI.Infrastructure.Data\CalculoCDBWebAPI.Infrastructure.Data.csproj", "{10B767F6-D312-4499-BF76-6668CB54917D}"
EndProject
Project("{9A19103F-16F7-4668-BE54-9A1E7A4F7556}") = "CalculoCDBWebAPI.Infrastructure.Repository", "CalculoCDBWebAPI.Infrastructure.Repository\CalculoCDBWebAPI.Infrastructure.Repository.csproj", "{B1BA6946-AAC1-4663-A23A-46868DC94869}"
EndProject
Project("{9A19103F-16F7-4668-BE54-9A1E7A4F7556}") = "CalculoCDBWebAPI.Infrastructure.CrossCutting.Adapter", "CalculoCDBWebAPI.Infrastructure.CrossCutting.Adapter\CalculoCDBWebAPI.Infrastructure.CrossCutting.Adapter.csproj", "{6A6546F4-6CEE-482C-BFC6-5A8C244E90FC}"
EndProject
Project("{9A19103F-16F7-4668-BE54-9A1E7A4F7556}") = "CalculoCDBWebAPI.Infrastructure.CrossCutting.IOC", "CalculoCDBWebAPI.Infrastructure.CrossCutting.IOC\CalculoCDBWebAPI.Infrastructure.CrossCutting.IOC.csproj", "{E908FC18-7CDB-4ACA-9871-59C7980DBA94}"
EndProject
Project("{9A19103F-16F7-4668-BE54-9A1E7A4F7556}") = "CalculoCDBWebAPI.Presentation", "CalculoCDBWebAPI.Presentation\CalculoCDBWebAPI.Presentation.csproj", "{865A8376-5E0C-4DAF-8408-773EFD795036}"
EndProject
Global
	GlobalSection(SolutionConfigurationPlatforms) = preSolution
		Debug|Any CPU = Debug|Any CPU
		Release|Any CPU = Release|Any CPU
	EndGlobalSection
	GlobalSection(ProjectConfigurationPlatforms) = postSolution
		{AF5DCD44-BC2D-4B13-A7B2-184394712026}.Debug|Any CPU.ActiveCfg = Debug|Any CPU
		{AF5DCD44-BC2D-4B13-A7B2-184394712026}.Debug|Any CPU.Build.0 = Debug|Any CPU
		{AF5DCD44-BC2D-4B13-A7B2-184394712026}.Release|Any CPU.ActiveCfg = Release|Any CPU
		{AF5DCD44-BC2D-4B13-A7B2-184394712026}.Release|Any CPU.Build.0 = Release|Any CPU
		{F7B9A043-BFF3-4548-B0EE-C04129E032D9}.Debug|Any CPU.ActiveCfg = Debug|Any CPU
		{F7B9A043-BFF3-4548-B0EE-C04129E032D9}.Debug|Any CPU.Build.0 = Debug|Any CPU
		{F7B9A043-BFF3-4548-B0EE-C04129E032D9}.Release|Any CPU.ActiveCfg = Release|Any CPU
		{F7B9A043-BFF3-4548-B0EE-C04129E032D9}.Release|Any CPU.Build.0 = Release|Any CPU
		{332FDF14-56E2-4B70-8135-325726758F0E}.Debug|Any CPU.ActiveCfg = Debug|Any CPU
		{332FDF14-56E2-4B70-8135-325726758F0E}.Debug|Any CPU.Build.0 = Debug|Any CPU
		{332FDF14-56E2-4B70-8135-325726758F0E}.Release|Any CPU.ActiveCfg = Release|Any CPU
		{332FDF14-56E2-4B70-8135-325726758F0E}.Release|Any CPU.Build.0 = Release|Any CPU
		{94D813B1-385E-482E-9653-3BCF54C397E9}.Debug|Any CPU.ActiveCfg = Debug|Any CPU
		{94D813B1-385E-482E-9653-3BCF54C397E9}.Debug|Any CPU.Build.0 = Debug|Any CPU
		{94D813B1-385E-482E-9653-3BCF54C397E9}.Release|Any CPU.ActiveCfg = Release|Any CPU
		{94D813B1-385E-482E-9653-3BCF54C397E9}.Release|Any CPU.Build.0 = Release|Any CPU
		{5324B34B-4624-4563-AB80-719B70CB7548}.Debug|Any CPU.ActiveCfg = Debug|Any CPU
		{5324B34B-4624-4563-AB80-719B70CB7548}.Debug|Any CPU.Build.0 = Debug|Any CPU
		{5324B34B-4624-4563-AB80-719B70CB7548}.Release|Any CPU.ActiveCfg = Release|Any CPU
		{5324B34B-4624-4563-AB80-719B70CB7548}.Release|Any CPU.Build.0 = Release|Any CPU
		{10B767F6-D312-4499-BF76-6668CB54917D}.Debug|Any CPU.ActiveCfg = Debug|Any CPU
		{10B767F6-D312-4499-BF76-6668CB54917D}.Debug|Any CPU.Build.0 = Debug|Any CPU
		{10B767F6-D312-4499-BF76-6668CB54917D}.Release|Any CPU.ActiveCfg = Release|Any CPU
		{10B767F6-D312-4499-BF76-6668CB54917D}.Release|Any CPU.Build.0 = Release|Any CPU
		{B1BA6946-AAC1-4663-A23A-46868DC94869}.Debug|Any CPU.ActiveCfg = Debug|Any CPU
		{B1BA6946-AAC1-4663-A23A-46868DC94869}.Debug|Any CPU.Build.0 = Debug|Any CPU
		{B1BA6946-AAC1-4663-A23A-46868DC94869}.Release|Any CPU.ActiveCfg = Release|Any CPU
		{B1BA6946-AAC1-4663-A23A-46868DC94869}.Release|Any CPU.Build.0 = Release|Any CPU
		{6A6546F4-6CEE-482C-BFC6-5A8C244E90FC}.Debug|Any CPU.ActiveCfg = Debug|Any CPU
		{6A6546F4-6CEE-482C-BFC6-5A8C244E90FC}.Debug|Any CPU.Build.0 = Debug|Any CPU
		{6A6546F4-6CEE-482C-BFC6-5A8C244E90FC}.Release|Any CPU.ActiveCfg = Release|Any CPU
		{6A6546F4-6CEE-482C-BFC6-5A8C244E90FC}.Release|Any CPU.Build.0 = Release|Any CPU
		{E908FC18-7CDB-4ACA-9871-59C7980DBA94}.Debug|Any CPU.ActiveCfg = Debug|Any CPU
		{E908FC18-7CDB-4ACA-9871-59C7980DBA94}.Debug|Any CPU.Build.0 = Debug|Any CPU
		{E908FC18-7CDB-4ACA-9871-59C7980DBA94}.Release|Any CPU.ActiveCfg = Release|Any CPU
		{E908FC18-7CDB-4ACA-9871-59C7980DBA94}.Release|Any CPU.Build.0 = Release|Any CPU
		{865A8376-5E0C-4DAF-8408-773EFD795036}.Debug|Any CPU.ActiveCfg = Debug|Any CPU
		{865A8376-5E0C-4DAF-8408-773EFD795036}.Debug|Any CPU.Build.0 = Debug|Any CPU
		{865A8376-5E0C-4DAF-8408-773EFD795036}.Release|Any CPU.ActiveCfg = Release|Any CPU
		{865A8376-5E0C-4DAF-8408-773EFD795036}.Release|Any CPU.Build.0 = Release|Any CPU
	EndGlobalSection
	GlobalSection(SolutionProperties) = preSolution
		HideSolutionNode = FALSE
	EndGlobalSection
	GlobalSection(NestedProjects) = preSolution
		{AF5DCD44-BC2D-4B13-A7B2-184394712026} = {90FD868A-B9E3-4ED5-A209-34B8A6B84D3B}
		{F7B9A043-BFF3-4548-B0EE-C04129E032D9} = {90FD868A-B9E3-4ED5-A209-34B8A6B84D3B}
		{332FDF14-56E2-4B70-8135-325726758F0E} = {90FD868A-B9E3-4ED5-A209-34B8A6B84D3B}
		{94D813B1-385E-482E-9653-3BCF54C397E9} = {463FDC2C-C81F-459B-8499-2DBB1E8AAE77}
		{5324B34B-4624-4563-AB80-719B70CB7548} = {463FDC2C-C81F-459B-8499-2DBB1E8AAE77}
		{4D2CA52C-2A15-4A72-B00A-B08893A7D508} = {7F1300E9-0CE2-430F-B59B-2321E755B88C}
		{997330A4-AF14-43A4-9297-A4A488EAD93F} = {7F1300E9-0CE2-430F-B59B-2321E755B88C}
		{10B767F6-D312-4499-BF76-6668CB54917D} = {4D2CA52C-2A15-4A72-B00A-B08893A7D508}
		{B1BA6946-AAC1-4663-A23A-46868DC94869} = {4D2CA52C-2A15-4A72-B00A-B08893A7D508}
		{6A6546F4-6CEE-482C-BFC6-5A8C244E90FC} = {997330A4-AF14-43A4-9297-A4A488EAD93F}
		{E908FC18-7CDB-4ACA-9871-59C7980DBA94} = {997330A4-AF14-43A4-9297-A4A488EAD93F}
		{865A8376-5E0C-4DAF-8408-773EFD795036} = {BF4FBCB9-9416-4DAE-8BDE-185494D17765}
	EndGlobalSection
	GlobalSection(ExtensibilityGlobals) = postSolution
		SolutionGuid = {F0DB1A42-0A37-4761-A0C8-0FE5D16897A5}
	EndGlobalSection
EndGlobal
